// !$*UTF8*$!
{
	archiveVersion = 1;
	classes = {
	};
	objectVersion = 46;
	objects = {

/* Begin PBXBuildFile section */
		4AEEC8DC1BEEDCEF00D94A69 /* AppDelegate.swift in Sources */ = {isa = PBXBuildFile; fileRef = 4AEEC8DB1BEEDCEF00D94A69 /* AppDelegate.swift */; };
		4AEEC8DE1BEEDCEF00D94A69 /* GameScene.sks in Resources */ = {isa = PBXBuildFile; fileRef = 4AEEC8DD1BEEDCEF00D94A69 /* GameScene.sks */; };
		4AEEC8E01BEEDCEF00D94A69 /* GameScene.swift in Sources */ = {isa = PBXBuildFile; fileRef = 4AEEC8DF1BEEDCEF00D94A69 /* GameScene.swift */; };
		4AEEC8E21BEEDCEF00D94A69 /* GameViewController.swift in Sources */ = {isa = PBXBuildFile; fileRef = 4AEEC8E11BEEDCEF00D94A69 /* GameViewController.swift */; };
		4AEEC8E51BEEDCEF00D94A69 /* Main.storyboard in Resources */ = {isa = PBXBuildFile; fileRef = 4AEEC8E31BEEDCEF00D94A69 /* Main.storyboard */; };
		4AEEC8E71BEEDCEF00D94A69 /* Assets.xcassets in Resources */ = {isa = PBXBuildFile; fileRef = 4AEEC8E61BEEDCEF00D94A69 /* Assets.xcassets */; };
		4AEEC8EA1BEEDCEF00D94A69 /* LaunchScreen.storyboard in Resources */ = {isa = PBXBuildFile; fileRef = 4AEEC8E81BEEDCEF00D94A69 /* LaunchScreen.storyboard */; };
		4AEEC8F51BEEDCEF00D94A69 /* BubblezTests.swift in Sources */ = {isa = PBXBuildFile; fileRef = 4AEEC8F41BEEDCEF00D94A69 /* BubblezTests.swift */; };
		4AEEC9001BEEDCEF00D94A69 /* BubblezUITests.swift in Sources */ = {isa = PBXBuildFile; fileRef = 4AEEC8FF1BEEDCEF00D94A69 /* BubblezUITests.swift */; };
		4AEEC9221BEF49E400D94A69 /* MainMenu.swift in Sources */ = {isa = PBXBuildFile; fileRef = 4AEEC9211BEF49E400D94A69 /* MainMenu.swift */; };
		4AEEC9401BEF5FD200D94A69 /* EndScene.swift in Sources */ = {isa = PBXBuildFile; fileRef = 4AEEC93F1BEF5FD200D94A69 /* EndScene.swift */; };
/* End PBXBuildFile section */

/* Begin PBXContainerItemProxy section */
		4AEEC8F11BEEDCEF00D94A69 /* PBXContainerItemProxy */ = {
			isa = PBXContainerItemProxy;
			containerPortal = 4AEEC8D01BEEDCEF00D94A69 /* Project object */;
			proxyType = 1;
			remoteGlobalIDString = 4AEEC8D71BEEDCEF00D94A69;
			remoteInfo = Bubblez;
		};
		4AEEC8FC1BEEDCEF00D94A69 /* PBXContainerItemProxy */ = {
			isa = PBXContainerItemProxy;
			containerPortal = 4AEEC8D01BEEDCEF00D94A69 /* Project object */;
			proxyType = 1;
			remoteGlobalIDString = 4AEEC8D71BEEDCEF00D94A69;
			remoteInfo = Bubblez;
		};
/* End PBXContainerItemProxy section */

/* Begin PBXFileReference section */
		4AEEC8D81BEEDCEF00D94A69 /* Bubblez.app */ = {isa = PBXFileReference; explicitFileType = wrapper.application; includeInIndex = 0; path = Bubblez.app; sourceTree = BUILT_PRODUCTS_DIR; };
		4AEEC8DB1BEEDCEF00D94A69 /* AppDelegate.swift */ = {isa = PBXFileReference; lastKnownFileType = sourcecode.swift; path = AppDelegate.swift; sourceTree = "<group>"; };
		4AEEC8DD1BEEDCEF00D94A69 /* GameScene.sks */ = {isa = PBXFileReference; lastKnownFileType = file.sks; path = GameScene.sks; sourceTree = "<group>"; };
		4AEEC8DF1BEEDCEF00D94A69 /* GameScene.swift */ = {isa = PBXFileReference; lastKnownFileType = sourcecode.swift; path = GameScene.swift; sourceTree = "<group>"; };
		4AEEC8E11BEEDCEF00D94A69 /* GameViewController.swift */ = {isa = PBXFileReference; lastKnownFileType = sourcecode.swift; path = GameViewController.swift; sourceTree = "<group>"; };
		4AEEC8E41BEEDCEF00D94A69 /* Base */ = {isa = PBXFileReference; lastKnownFileType = file.storyboard; name = Base; path = Base.lproj/Main.storyboard; sourceTree = "<group>"; };
		4AEEC8E61BEEDCEF00D94A69 /* Assets.xcassets */ = {isa = PBXFileReference; lastKnownFileType = folder.assetcatalog; path = Assets.xcassets; sourceTree = "<group>"; };
		4AEEC8E91BEEDCEF00D94A69 /* Base */ = {isa = PBXFileReference; lastKnownFileType = file.storyboard; name = Base; path = Base.lproj/LaunchScreen.storyboard; sourceTree = "<group>"; };
		4AEEC8EB1BEEDCEF00D94A69 /* Info.plist */ = {isa = PBXFileReference; lastKnownFileType = text.plist.xml; path = Info.plist; sourceTree = "<group>"; };
		4AEEC8F01BEEDCEF00D94A69 /* BubblezTests.xctest */ = {isa = PBXFileReference; explicitFileType = wrapper.cfbundle; includeInIndex = 0; path = BubblezTests.xctest; sourceTree = BUILT_PRODUCTS_DIR; };
		4AEEC8F41BEEDCEF00D94A69 /* BubblezTests.swift */ = {isa = PBXFileReference; lastKnownFileType = sourcecode.swift; path = BubblezTests.swift; sourceTree = "<group>"; };
		4AEEC8F61BEEDCEF00D94A69 /* Info.plist */ = {isa = PBXFileReference; lastKnownFileType = text.plist.xml; path = Info.plist; sourceTree = "<group>"; };
		4AEEC8FB1BEEDCEF00D94A69 /* BubblezUITests.xctest */ = {isa = PBXFileReference; explicitFileType = wrapper.cfbundle; includeInIndex = 0; path = BubblezUITests.xctest; sourceTree = BUILT_PRODUCTS_DIR; };
		4AEEC8FF1BEEDCEF00D94A69 /* BubblezUITests.swift */ = {isa = PBXFileReference; lastKnownFileType = sourcecode.swift; path = BubblezUITests.swift; sourceTree = "<group>"; };
		4AEEC9011BEEDCEF00D94A69 /* Info.plist */ = {isa = PBXFileReference; lastKnownFileType = text.plist.xml; path = Info.plist; sourceTree = "<group>"; };
		4AEEC9211BEF49E400D94A69 /* MainMenu.swift */ = {isa = PBXFileReference; fileEncoding = 4; lastKnownFileType = sourcecode.swift; path = MainMenu.swift; sourceTree = "<group>"; };
		4AEEC93F1BEF5FD200D94A69 /* EndScene.swift */ = {isa = PBXFileReference; fileEncoding = 4; lastKnownFileType = sourcecode.swift; path = EndScene.swift; sourceTree = "<group>"; };
/* End PBXFileReference section */

/* Begin PBXFrameworksBuildPhase section */
		4AEEC8D51BEEDCEF00D94A69 /* Frameworks */ = {
			isa = PBXFrameworksBuildPhase;
			buildActionMask = 2147483647;
			files = (
			);
			runOnlyForDeploymentPostprocessing = 0;
		};
		4AEEC8ED1BEEDCEF00D94A69 /* Frameworks */ = {
			isa = PBXFrameworksBuildPhase;
			buildActionMask = 2147483647;
			files = (
			);
			runOnlyForDeploymentPostprocessing = 0;
		};
		4AEEC8F81BEEDCEF00D94A69 /* Frameworks */ = {
			isa = PBXFrameworksBuildPhase;
			buildActionMask = 2147483647;
			files = (
			);
			runOnlyForDeploymentPostprocessing = 0;
		};
/* End PBXFrameworksBuildPhase section */

/* Begin PBXGroup section */
		4AEEC8CF1BEEDCEF00D94A69 = {
			isa = PBXGroup;
			children = (
				4AEEC8DA1BEEDCEF00D94A69 /* Bubblez */,
				4AEEC8F31BEEDCEF00D94A69 /* BubblezTests */,
				4AEEC8FE1BEEDCEF00D94A69 /* BubblezUITests */,
				4AEEC8D91BEEDCEF00D94A69 /* Products */,
			);
			sourceTree = "<group>";
		};
		4AEEC8D91BEEDCEF00D94A69 /* Products */ = {
			isa = PBXGroup;
			children = (
				4AEEC8D81BEEDCEF00D94A69 /* Bubblez.app */,
				4AEEC8F01BEEDCEF00D94A69 /* BubblezTests.xctest */,
				4AEEC8FB1BEEDCEF00D94A69 /* BubblezUITests.xctest */,
			);
			name = Products;
			sourceTree = "<group>";
		};
		4AEEC8DA1BEEDCEF00D94A69 /* Bubblez */ = {
			isa = PBXGroup;
			children = (
				4AEEC8DB1BEEDCEF00D94A69 /* AppDelegate.swift */,
				4AEEC9211BEF49E400D94A69 /* MainMenu.swift */,
				4AEEC8DD1BEEDCEF00D94A69 /* GameScene.sks */,
				4AEEC8DF1BEEDCEF00D94A69 /* GameScene.swift */,
				4AEEC8E11BEEDCEF00D94A69 /* GameViewController.swift */,
				4AEEC93F1BEF5FD200D94A69 /* EndScene.swift */,
				4AEEC8E31BEEDCEF00D94A69 /* Main.storyboard */,
				4AEEC8E61BEEDCEF00D94A69 /* Assets.xcassets */,
				4AEEC8E81BEEDCEF00D94A69 /* LaunchScreen.storyboard */,
				4AEEC8EB1BEEDCEF00D94A69 /* Info.plist */,
			);
			path = Bubblez;
			sourceTree = "<group>";
		};
		4AEEC8F31BEEDCEF00D94A69 /* BubblezTests */ = {
			isa = PBXGroup;
			children = (
				4AEEC8F41BEEDCEF00D94A69 /* BubblezTests.swift */,
				4AEEC8F61BEEDCEF00D94A69 /* Info.plist */,
			);
			path = BubblezTests;
			sourceTree = "<group>";
		};
		4AEEC8FE1BEEDCEF00D94A69 /* BubblezUITests */ = {
			isa = PBXGroup;
			children = (
				4AEEC8FF1BEEDCEF00D94A69 /* BubblezUITests.swift */,
				4AEEC9011BEEDCEF00D94A69 /* Info.plist */,
			);
			path = BubblezUITests;
			sourceTree = "<group>";
		};
/* End PBXGroup section */

/* Begin PBXNativeTarget section */
		4AEEC8D71BEEDCEF00D94A69 /* Bubblez */ = {
			isa = PBXNativeTarget;
			buildConfigurationList = 4AEEC9041BEEDCEF00D94A69 /* Build configuration list for PBXNativeTarget "Bubblez" */;
			buildPhases = (
				4AEEC8D41BEEDCEF00D94A69 /* Sources */,
				4AEEC8D51BEEDCEF00D94A69 /* Frameworks */,
				4AEEC8D61BEEDCEF00D94A69 /* Resources */,
			);
			buildRules = (
			);
			dependencies = (
			);
			name = Bubblez;
			productName = Bubblez;
			productReference = 4AEEC8D81BEEDCEF00D94A69 /* Bubblez.app */;
			productType = "com.apple.product-type.application";
		};
		4AEEC8EF1BEEDCEF00D94A69 /* BubblezTests */ = {
			isa = PBXNativeTarget;
			buildConfigurationList = 4AEEC9071BEEDCEF00D94A69 /* Build configuration list for PBXNativeTarget "BubblezTests" */;
			buildPhases = (
				4AEEC8EC1BEEDCEF00D94A69 /* Sources */,
				4AEEC8ED1BEEDCEF00D94A69 /* Frameworks */,
				4AEEC8EE1BEEDCEF00D94A69 /* Resources */,
			);
			buildRules = (
			);
			dependencies = (
				4AEEC8F21BEEDCEF00D94A69 /* PBXTargetDependency */,
			);
			name = BubblezTests;
			productName = BubblezTests;
			productReference = 4AEEC8F01BEEDCEF00D94A69 /* BubblezTests.xctest */;
			productType = "com.apple.product-type.bundle.unit-test";
		};
		4AEEC8FA1BEEDCEF00D94A69 /* BubblezUITests */ = {
			isa = PBXNativeTarget;
			buildConfigurationList = 4AEEC90A1BEEDCEF00D94A69 /* Build configuration list for PBXNativeTarget "BubblezUITests" */;
			buildPhases = (
				4AEEC8F71BEEDCEF00D94A69 /* Sources */,
				4AEEC8F81BEEDCEF00D94A69 /* Frameworks */,
				4AEEC8F91BEEDCEF00D94A69 /* Resources */,
			);
			buildRules = (
			);
			dependencies = (
				4AEEC8FD1BEEDCEF00D94A69 /* PBXTargetDependency */,
			);
			name = BubblezUITests;
			productName = BubblezUITests;
			productReference = 4AEEC8FB1BEEDCEF00D94A69 /* BubblezUITests.xctest */;
			productType = "com.apple.product-type.bundle.ui-testing";
		};
/* End PBXNativeTarget section */

/* Begin PBXProject section */
		4AEEC8D01BEEDCEF00D94A69 /* Project object */ = {
			isa = PBXProject;
			attributes = {
				LastSwiftUpdateCheck = 0710;
				LastUpgradeCheck = 0710;
				ORGANIZATIONNAME = Rice;
				TargetAttributes = {
					4AEEC8D71BEEDCEF00D94A69 = {
						CreatedOnToolsVersion = 7.1;
					};
					4AEEC8EF1BEEDCEF00D94A69 = {
						CreatedOnToolsVersion = 7.1;
						TestTargetID = 4AEEC8D71BEEDCEF00D94A69;
					};
					4AEEC8FA1BEEDCEF00D94A69 = {
						CreatedOnToolsVersion = 7.1;
						TestTargetID = 4AEEC8D71BEEDCEF00D94A69;
					};
				};
			};
			buildConfigurationList = 4AEEC8D31BEEDCEF00D94A69 /* Build configuration list for PBXProject "Bubblez" */;
			compatibilityVersion = "Xcode 3.2";
			developmentRegion = English;
			hasScannedForEncodings = 0;
			knownRegions = (
				en,
				Base,
			);
			mainGroup = 4AEEC8CF1BEEDCEF00D94A69;
			productRefGroup = 4AEEC8D91BEEDCEF00D94A69 /* Products */;
			projectDirPath = "";
			projectRoot = "";
			targets = (
				4AEEC8D71BEEDCEF00D94A69 /* Bubblez */,
				4AEEC8EF1BEEDCEF00D94A69 /* BubblezTests */,
				4AEEC8FA1BEEDCEF00D94A69 /* BubblezUITests */,
			);
		};
/* End PBXProject section */

/* Begin PBXResourcesBuildPhase section */
		4AEEC8D61BEEDCEF00D94A69 /* Resources */ = {
			isa = PBXResourcesBuildPhase;
			buildActionMask = 2147483647;
			files = (
				4AEEC8DE1BEEDCEF00D94A69 /* GameScene.sks in Resources */,
				4AEEC8EA1BEEDCEF00D94A69 /* LaunchScreen.storyboard in Resources */,
				4AEEC8E71BEEDCEF00D94A69 /* Assets.xcassets in Resources */,
				4AEEC8E51BEEDCEF00D94A69 /* Main.storyboard in Resources */,
			);
			runOnlyForDeploymentPostprocessing = 0;
		};
		4AEEC8EE1BEEDCEF00D94A69 /* Resources */ = {
			isa = PBXResourcesBuildPhase;
			buildActionMask = 2147483647;
			files = (
			);
			runOnlyForDeploymentPostprocessing = 0;
		};
		4AEEC8F91BEEDCEF00D94A69 /* Resources */ = {
			isa = PBXResourcesBuildPhase;
			buildActionMask = 2147483647;
			files = (
			);
			runOnlyForDeploymentPostprocessing = 0;
		};
/* End PBXResourcesBuildPhase section */

/* Begin PBXSourcesBuildPhase section */
		4AEEC8D41BEEDCEF00D94A69 /* Sources */ = {
			isa = PBXSourcesBuildPhase;
			buildActionMask = 2147483647;
			files = (
				4AEEC8E01BEEDCEF00D94A69 /* GameScene.swift in Sources */,
				4AEEC8E21BEEDCEF00D94A69 /* GameViewController.swift in Sources */,
				4AEEC8DC1BEEDCEF00D94A69 /* AppDelegate.swift in Sources */,
				4AEEC9221BEF49E400D94A69 /* MainMenu.swift in Sources */,
				4AEEC9401BEF5FD200D94A69 /* EndScene.swift in Sources */,
			);
			runOnlyForDeploymentPostprocessing = 0;
		};
		4AEEC8EC1BEEDCEF00D94A69 /* Sources */ = {
			isa = PBXSourcesBuildPhase;
			buildActionMask = 2147483647;
			files = (
				4AEEC8F51BEEDCEF00D94A69 /* BubblezTests.swift in Sources */,
			);
			runOnlyForDeploymentPostprocessing = 0;
		};
		4AEEC8F71BEEDCEF00D94A69 /* Sources */ = {
			isa = PBXSourcesBuildPhase;
			buildActionMask = 2147483647;
			files = (
				4AEEC9001BEEDCEF00D94A69 /* BubblezUITests.swift in Sources */,
			);
			runOnlyForDeploymentPostprocessing = 0;
		};
/* End PBXSourcesBuildPhase section */

/* Begin PBXTargetDependency section */
		4AEEC8F21BEEDCEF00D94A69 /* PBXTargetDependency */ = {
			isa = PBXTargetDependency;
			target = 4AEEC8D71BEEDCEF00D94A69 /* Bubblez */;
			targetProxy = 4AEEC8F11BEEDCEF00D94A69 /* PBXContainerItemProxy */;
		};
		4AEEC8FD1BEEDCEF00D94A69 /* PBXTargetDependency */ = {
			isa = PBXTargetDependency;
			target = 4AEEC8D71BEEDCEF00D94A69 /* Bubblez */;
			targetProxy = 4AEEC8FC1BEEDCEF00D94A69 /* PBXContainerItemProxy */;
		};
/* End PBXTargetDependency section */

/* Begin PBXVariantGroup section */
		4AEEC8E31BEEDCEF00D94A69 /* Main.storyboard */ = {
			isa = PBXVariantGroup;
			children = (
				4AEEC8E41BEEDCEF00D94A69 /* Base */,
			);
			name = Main.storyboard;
			sourceTree = "<group>";
		};
		4AEEC8E81BEEDCEF00D94A69 /* LaunchScreen.storyboard */ = {
			isa = PBXVariantGroup;
			children = (
				4AEEC8E91BEEDCEF00D94A69 /* Base */,
			);
			name = LaunchScreen.storyboard;
			sourceTree = "<group>";
		};
/* End PBXVariantGroup section */

/* Begin XCBuildConfiguration section */
		4AEEC9021BEEDCEF00D94A69 /* Debug */ = {
			isa = XCBuildConfiguration;
			buildSettings = {
				ALWAYS_SEARCH_USER_PATHS = NO;
				CLANG_CXX_LANGUAGE_STANDARD = "gnu++0x";
				CLANG_CXX_LIBRARY = "libc++";
				CLANG_ENABLE_MODULES = YES;
				CLANG_ENABLE_OBJC_ARC = YES;
				CLANG_WARN_BOOL_CONVERSION = YES;
				CLANG_WARN_CONSTANT_CONVERSION = YES;
				CLANG_WARN_DIRECT_OBJC_ISA_USAGE = YES_ERROR;
				CLANG_WARN_EMPTY_BODY = YES;
				CLANG_WARN_ENUM_CONVERSION = YES;
				CLANG_WARN_INT_CONVERSION = YES;
				CLANG_WARN_OBJC_ROOT_CLASS = YES_ERROR;
				CLANG_WARN_UNREACHABLE_CODE = YES;
				CLANG_WARN__DUPLICATE_METHOD_MATCH = YES;
				"CODE_SIGN_IDENTITY[sdk=iphoneos*]" = "iPhone Developer";
				COPY_PHASE_STRIP = NO;
				DEBUG_INFORMATION_FORMAT = "dwarf-with-dsym";
				ENABLE_STRICT_OBJC_MSGSEND = YES;
				ENABLE_TESTABILITY = YES;
				GCC_C_LANGUAGE_STANDARD = gnu99;
				GCC_DYNAMIC_NO_PIC = NO;
				GCC_NO_COMMON_BLOCKS = YES;
				GCC_OPTIMIZATION_LEVEL = 0;
				GCC_PREPROCESSOR_DEFINITIONS = (
					"DEBUG=1",
					"$(inherited)",
				);
				GCC_WARN_64_TO_32_BIT_CONVERSION = YES;
				GCC_WARN_ABOUT_RETURN_TYPE = YES_ERROR;
				GCC_WARN_UNDECLARED_SELECTOR = YES;
				GCC_WARN_UNINITIALIZED_AUTOS = YES_AGGRESSIVE;
				GCC_WARN_UNUSED_FUNCTION = YES;
				GCC_WARN_UNUSED_VARIABLE = YES;
				IPHONEOS_DEPLOYMENT_TARGET = 9.1;
				MTL_ENABLE_DEBUG_INFO = YES;
				ONLY_ACTIVE_ARCH = YES;
				SDKROOT = iphoneos;
				SWIFT_OPTIMIZATION_LEVEL = "-Onone";
				TARGETED_DEVICE_FAMILY = "1,2";
			};
			name = Debug;
		};
		4AEEC9031BEEDCEF00D94A69 /* Release */ = {
			isa = XCBuildConfiguration;
			buildSettings = {
				ALWAYS_SEARCH_USER_PATHS = NO;
				CLANG_CXX_LANGUAGE_STANDARD = "gnu++0x";
				CLANG_CXX_LIBRARY = "libc++";
				CLANG_ENABLE_MODULES = YES;
				CLANG_ENABLE_OBJC_ARC = YES;
				CLANG_WARN_BOOL_CONVERSION = YES;
				CLANG_WARN_CONSTANT_CONVERSION = YES;
				CLANG_WARN_DIRECT_OBJC_ISA_USAGE = YES_ERROR;
				CLANG_WARN_EMPTY_BODY = YES;
				CLANG_WARN_ENUM_CONVERSION = YES;
				CLANG_WARN_INT_CONVERSION = YES;
				CLANG_WARN_OBJC_ROOT_CLASS = YES_ERROR;
				CLANG_WARN_UNREACHABLE_CODE = YES;
				CLANG_WARN__DUPLICATE_METHOD_MATCH = YES;
				"CODE_SIGN_IDENTITY[sdk=iphoneos*]" = "iPhone Developer";
				COPY_PHASE_STRIP = NO;
				DEBUG_INFORMATION_FORMAT = "dwarf-with-dsym";
				ENABLE_NS_ASSERTIONS = NO;
				ENABLE_STRICT_OBJC_MSGSEND = YES;
				GCC_C_LANGUAGE_STANDARD = gnu99;
				GCC_NO_COMMON_BLOCKS = YES;
				GCC_WARN_64_TO_32_BIT_CONVERSION = YES;
				GCC_WARN_ABOUT_RETURN_TYPE = YES_ERROR;
				GCC_WARN_UNDECLARED_SELECTOR = YES;
				GCC_WARN_UNINITIALIZED_AUTOS = YES_AGGRESSIVE;
				GCC_WARN_UNUSED_FUNCTION = YES;
				GCC_WARN_UNUSED_VARIABLE = YES;
				IPHONEOS_DEPLOYMENT_TARGET = 9.1;
				MTL_ENABLE_DEBUG_INFO = NO;
				SDKROOT = iphoneos;
				TARGETED_DEVICE_FAMILY = "1,2";
				VALIDATE_PRODUCT = YES;
			};
			name = Release;
		};
		4AEEC9051BEEDCEF00D94A69 /* Debug */ = {
			isa = XCBuildConfiguration;
			buildSettings = {
				ASSETCATALOG_COMPILER_APPICON_NAME = AppIcon;
				INFOPLIST_FILE = Bubblez/Info.plist;
				LD_RUNPATH_SEARCH_PATHS = "$(inherited) @executable_path/Frameworks";
				PRODUCT_BUNDLE_IDENTIFIER = Rice.Bubblez;
				PRODUCT_NAME = "$(TARGET_NAME)";
			};
			name = Debug;
		};
		4AEEC9061BEEDCEF00D94A69 /* Release */ = {
			isa = XCBuildConfiguration;
			buildSettings = {
				ASSETCATALOG_COMPILER_APPICON_NAME = AppIcon;
				INFOPLIST_FILE = Bubblez/Info.plist;
				LD_RUNPATH_SEARCH_PATHS = "$(inherited) @executable_path/Frameworks";
				PRODUCT_BUNDLE_IDENTIFIER = Rice.Bubblez;
				PRODUCT_NAME = "$(TARGET_NAME)";
			};
			name = Release;
		};
		4AEEC9081BEEDCEF00D94A69 /* Debug */ = {
			isa = XCBuildConfiguration;
			buildSettings = {
				BUNDLE_LOADER = "$(TEST_HOST)";
				DEBUG_INFORMATION_FORMAT = dwarf;
				INFOPLIST_FILE = BubblezTests/Info.plist;
				LD_RUNPATH_SEARCH_PATHS = "$(inherited) @executable_path/Frameworks @loader_path/Frameworks";
				PRODUCT_BUNDLE_IDENTIFIER = Rice.BubblezTests;
				PRODUCT_NAME = "$(TARGET_NAME)";
				TEST_HOST = "$(BUILT_PRODUCTS_DIR)/Bubblez.app/Bubblez";
			};
			name = Debug;
		};
		4AEEC9091BEEDCEF00D94A69 /* Release */ = {
			isa = XCBuildConfiguration;
			buildSettings = {
				BUNDLE_LOADER = "$(TEST_HOST)";
				INFOPLIST_FILE = BubblezTests/Info.plist;
				LD_RUNPATH_SEARCH_PATHS = "$(inherited) @executable_path/Frameworks @loader_path/Frameworks";
				PRODUCT_BUNDLE_IDENTIFIER = Rice.BubblezTests;
				PRODUCT_NAME = "$(TARGET_NAME)";
				TEST_HOST = "$(BUILT_PRODUCTS_DIR)/Bubblez.app/Bubblez";
			};
			name = Release;
		};
		4AEEC90B1BEEDCEF00D94A69 /* Debug */ = {
			isa = XCBuildConfiguration;
			buildSettings = {
				DEBUG_INFORMATION_FORMAT = dwarf;
				INFOPLIST_FILE = BubblezUITests/Info.plist;
				LD_RUNPATH_SEARCH_PATHS = "$(inherited) @executable_path/Frameworks @loader_path/Frameworks";
				PRODUCT_BUNDLE_IDENTIFIER = Rice.BubblezUITests;
				PRODUCT_NAME = "$(TARGET_NAME)";
				TEST_TARGET_NAME = Bubblez;
				USES_XCTRUNNER = YES;
			};
			name = Debug;
		};
		4AEEC90C1BEEDCEF00D94A69 /* Release */ = {
			isa = XCBuildConfiguration;
			buildSettings = {
				INFOPLIST_FILE = BubblezUITests/Info.plist;
				LD_RUNPATH_SEARCH_PATHS = "$(inherited) @executable_path/Frameworks @loader_path/Frameworks";
				PRODUCT_BUNDLE_IDENTIFIER = Rice.BubblezUITests;
				PRODUCT_NAME = "$(TARGET_NAME)";
				TEST_TARGET_NAME = Bubblez;
				USES_XCTRUNNER = YES;
			};
			name = Release;
		};
/* End XCBuildConfiguration section */

/* Begin XCConfigurationList section */
		4AEEC8D31BEEDCEF00D94A69 /* Build configuration list for PBXProject "Bubblez" */ = {
			isa = XCConfigurationList;
			buildConfigurations = (
				4AEEC9021BEEDCEF00D94A69 /* Debug */,
				4AEEC9031BEEDCEF00D94A69 /* Release */,
			);
			defaultConfigurationIsVisible = 0;
			defaultConfigurationName = Release;
		};
		4AEEC9041BEEDCEF00D94A69 /* Build configuration list for PBXNativeTarget "Bubblez" */ = {
			isa = XCConfigurationList;
			buildConfigurations = (
				4AEEC9051BEEDCEF00D94A69 /* Debug */,
				4AEEC9061BEEDCEF00D94A69 /* Release */,
			);
			defaultConfigurationIsVisible = 0;
		};
		4AEEC9071BEEDCEF00D94A69 /* Build configuration list for PBXNativeTarget "BubblezTests" */ = {
			isa = XCConfigurationList;
			buildConfigurations = (
				4AEEC9081BEEDCEF00D94A69 /* Debug */,
				4AEEC9091BEEDCEF00D94A69 /* Release */,
			);
			defaultConfigurationIsVisible = 0;
		};
		4AEEC90A1BEEDCEF00D94A69 /* Build configuration list for PBXNativeTarget "BubblezUITests" */ = {
			isa = XCConfigurationList;
			buildConfigurations = (
				4AEEC90B1BEEDCEF00D94A69 /* Debug */,
				4AEEC90C1BEEDCEF00D94A69 /* Release */,
			);
			defaultConfigurationIsVisible = 0;
		};
/* End XCConfigurationList section */
	};
	rootObject = 4AEEC8D01BEEDCEF00D94A69 /* Project object */;
}
